
Microsoft Visual Studio Solution File, Format Version 12.00
# Visual Studio 15
VisualStudioVersion = 15.0.26124.0
MinimumVisualStudioVersion = 15.0.26124.0
Project("{FAE04EC0-301F-11D3-BF4B-00C04F79EFBC}") = "Main", "Main\Main.csproj", "{1A65F3A8-8805-4098-979D-575072883D5F}"
EndProject
Project("{FAE04EC0-301F-11D3-BF4B-00C04F79EFBC}") = "WebApi", "WebApi\WebApi.csproj", "{023CC2F9-3872-486B-B356-6633AE15921F}"
EndProject
Project("{FAE04EC0-301F-11D3-BF4B-00C04F79EFBC}") = "Core", "Core\Core.csproj", "{E47520D5-D754-4E1C-97CC-AC5CE4B7EA2D}"
EndProject
Project("{FAE04EC0-301F-11D3-BF4B-00C04F79EFBC}") = "Application", "Application\Application.csproj", "{E5746432-865B-488B-A98D-06837A8909EF}"
EndProject
Global
	GlobalSection(SolutionConfigurationPlatforms) = preSolution
		Debug|Any CPU = Debug|Any CPU
		Debug|x64 = Debug|x64
		Debug|x86 = Debug|x86
		Release|Any CPU = Release|Any CPU
		Release|x64 = Release|x64
		Release|x86 = Release|x86
	EndGlobalSection
	GlobalSection(SolutionProperties) = preSolution
		HideSolutionNode = FALSE
	EndGlobalSection
	GlobalSection(ProjectConfigurationPlatforms) = postSolution
		{1A65F3A8-8805-4098-979D-575072883D5F}.Debug|Any CPU.ActiveCfg = Debug|Any CPU
		{1A65F3A8-8805-4098-979D-575072883D5F}.Debug|Any CPU.Build.0 = Debug|Any CPU
		{1A65F3A8-8805-4098-979D-575072883D5F}.Debug|x64.ActiveCfg = Debug|Any CPU
		{1A65F3A8-8805-4098-979D-575072883D5F}.Debug|x64.Build.0 = Debug|Any CPU
		{1A65F3A8-8805-4098-979D-575072883D5F}.Debug|x86.ActiveCfg = Debug|Any CPU
		{1A65F3A8-8805-4098-979D-575072883D5F}.Debug|x86.Build.0 = Debug|Any CPU
		{1A65F3A8-8805-4098-979D-575072883D5F}.Release|Any CPU.ActiveCfg = Release|Any CPU
		{1A65F3A8-8805-4098-979D-575072883D5F}.Release|Any CPU.Build.0 = Release|Any CPU
		{1A65F3A8-8805-4098-979D-575072883D5F}.Release|x64.ActiveCfg = Release|Any CPU
		{1A65F3A8-8805-4098-979D-575072883D5F}.Release|x64.Build.0 = Release|Any CPU
		{1A65F3A8-8805-4098-979D-575072883D5F}.Release|x86.ActiveCfg = Release|Any CPU
		{1A65F3A8-8805-4098-979D-575072883D5F}.Release|x86.Build.0 = Release|Any CPU
		{023CC2F9-3872-486B-B356-6633AE15921F}.Debug|Any CPU.ActiveCfg = Debug|Any CPU
		{023CC2F9-3872-486B-B356-6633AE15921F}.Debug|Any CPU.Build.0 = Debug|Any CPU
		{023CC2F9-3872-486B-B356-6633AE15921F}.Debug|x64.ActiveCfg = Debug|Any CPU
		{023CC2F9-3872-486B-B356-6633AE15921F}.Debug|x64.Build.0 = Debug|Any CPU
		{023CC2F9-3872-486B-B356-6633AE15921F}.Debug|x86.ActiveCfg = Debug|Any CPU
		{023CC2F9-3872-486B-B356-6633AE15921F}.Debug|x86.Build.0 = Debug|Any CPU
		{023CC2F9-3872-486B-B356-6633AE15921F}.Release|Any CPU.ActiveCfg = Release|Any CPU
		{023CC2F9-3872-486B-B356-6633AE15921F}.Release|Any CPU.Build.0 = Release|Any CPU
		{023CC2F9-3872-486B-B356-6633AE15921F}.Release|x64.ActiveCfg = Release|Any CPU
		{023CC2F9-3872-486B-B356-6633AE15921F}.Release|x64.Build.0 = Release|Any CPU
		{023CC2F9-3872-486B-B356-6633AE15921F}.Release|x86.ActiveCfg = Release|Any CPU
		{023CC2F9-3872-486B-B356-6633AE15921F}.Release|x86.Build.0 = Release|Any CPU
		{E47520D5-D754-4E1C-97CC-AC5CE4B7EA2D}.Debug|Any CPU.ActiveCfg = Debug|Any CPU
		{E47520D5-D754-4E1C-97CC-AC5CE4B7EA2D}.Debug|Any CPU.Build.0 = Debug|Any CPU
		{E47520D5-D754-4E1C-97CC-AC5CE4B7EA2D}.Debug|x64.ActiveCfg = Debug|Any CPU
		{E47520D5-D754-4E1C-97CC-AC5CE4B7EA2D}.Debug|x64.Build.0 = Debug|Any CPU
		{E47520D5-D754-4E1C-97CC-AC5CE4B7EA2D}.Debug|x86.ActiveCfg = Debug|Any CPU
		{E47520D5-D754-4E1C-97CC-AC5CE4B7EA2D}.Debug|x86.Build.0 = Debug|Any CPU
		{E47520D5-D754-4E1C-97CC-AC5CE4B7EA2D}.Release|Any CPU.ActiveCfg = Release|Any CPU
		{E47520D5-D754-4E1C-97CC-AC5CE4B7EA2D}.Release|Any CPU.Build.0 = Release|Any CPU
		{E47520D5-D754-4E1C-97CC-AC5CE4B7EA2D}.Release|x64.ActiveCfg = Release|Any CPU
		{E47520D5-D754-4E1C-97CC-AC5CE4B7EA2D}.Release|x64.Build.0 = Release|Any CPU
		{E47520D5-D754-4E1C-97CC-AC5CE4B7EA2D}.Release|x86.ActiveCfg = Release|Any CPU
		{E47520D5-D754-4E1C-97CC-AC5CE4B7EA2D}.Release|x86.Build.0 = Release|Any CPU
		{E5746432-865B-488B-A98D-06837A8909EF}.Debug|Any CPU.ActiveCfg = Debug|Any CPU
		{E5746432-865B-488B-A98D-06837A8909EF}.Debug|Any CPU.Build.0 = Debug|Any CPU
		{E5746432-865B-488B-A98D-06837A8909EF}.Debug|x64.ActiveCfg = Debug|Any CPU
		{E5746432-865B-488B-A98D-06837A8909EF}.Debug|x64.Build.0 = Debug|Any CPU
		{E5746432-865B-488B-A98D-06837A8909EF}.Debug|x86.ActiveCfg = Debug|Any CPU
		{E5746432-865B-488B-A98D-06837A8909EF}.Debug|x86.Build.0 = Debug|Any CPU
		{E5746432-865B-488B-A98D-06837A8909EF}.Release|Any CPU.ActiveCfg = Release|Any CPU
		{E5746432-865B-488B-A98D-06837A8909EF}.Release|Any CPU.Build.0 = Release|Any CPU
		{E5746432-865B-488B-A98D-06837A8909EF}.Release|x64.ActiveCfg = Release|Any CPU
		{E5746432-865B-488B-A98D-06837A8909EF}.Release|x64.Build.0 = Release|Any CPU
		{E5746432-865B-488B-A98D-06837A8909EF}.Release|x86.ActiveCfg = Release|Any CPU
		{E5746432-865B-488B-A98D-06837A8909EF}.Release|x86.Build.0 = Release|Any CPU
	EndGlobalSection
EndGlobal
